
Microsoft Visual Studio Solution File, Format Version 12.00
# Visual Studio 14
VisualStudioVersion = 14.0.23107.0
MinimumVisualStudioVersion = 10.0.40219.1
Project("{FAE04EC0-301F-11D3-BF4B-00C04F79EFBC}") = "HCMS.Business", "HCMS.Business\HCMS.Business.csproj", "{E45DDA26-40F5-4C0C-B039-ABEF98717E94}"
EndProject
Project("{FAE04EC0-301F-11D3-BF4B-00C04F79EFBC}") = "HCMS.Business.Test", "HCMS.Business.Test\HCMS.Business.Test.csproj", "{441BEE18-97DE-4015-9865-8EAE0EB7629A}"
EndProject
Project("{FAE04EC0-301F-11D3-BF4B-00C04F79EFBC}") = "HCMS.JNP", "HCMS.JNP\HCMS.JNP.csproj", "{C77F2FE9-EC2C-4BDE-ACAF-BA385586E4F8}"
EndProject
Project("{FAE04EC0-301F-11D3-BF4B-00C04F79EFBC}") = "HCMS.JNP.Reports", "HCMS.JNP.Reports\HCMS.JNP.Reports.csproj", "{BDD0E259-BBB0-4BFE-B22A-19661FB505DE}"
EndProject
Project("{FAE04EC0-301F-11D3-BF4B-00C04F79EFBC}") = "HCMS.OrgChart", "HCMS.OrgChart\HCMS.OrgChart.csproj", "{A5D26251-6AFA-42DE-A5A8-C5D01EA3218F}"
EndProject
Project("{FAE04EC0-301F-11D3-BF4B-00C04F79EFBC}") = "HCMS.PDExpress", "HCMS.PDExpress\HCMS.PDExpress.csproj", "{52790839-04D9-4137-BAE0-F88206D2F1EF}"
EndProject
Project("{FAE04EC0-301F-11D3-BF4B-00C04F79EFBC}") = "HCMS.Portal", "HCMS.Portal\HCMS.Portal.csproj", "{3485BEDC-609C-4F72-884F-3067C3375AEA}"
EndProject
Project("{FAE04EC0-301F-11D3-BF4B-00C04F79EFBC}") = "HCMS.Reports", "HCMS.Reports\HCMS.Reports.csproj", "{8C392731-929D-45CD-B542-3C6CCED3EB5A}"
EndProject
Project("{FAE04EC0-301F-11D3-BF4B-00C04F79EFBC}") = "HCMS.WebFramework", "HCMS.WebFramework\HCMS.WebFramework.csproj", "{E663DEDC-DD0B-4470-B5C9-B87A1756ED76}"
EndProject
Global
	GlobalSection(SolutionConfigurationPlatforms) = preSolution
		Debug|Any CPU = Debug|Any CPU
		LOCAL-NTCAD|Any CPU = LOCAL-NTCAD|Any CPU
		Release|Any CPU = Release|Any CPU
	EndGlobalSection
	GlobalSection(ProjectConfigurationPlatforms) = postSolution
		{E45DDA26-40F5-4C0C-B039-ABEF98717E94}.Debug|Any CPU.ActiveCfg = Debug|Any CPU
		{E45DDA26-40F5-4C0C-B039-ABEF98717E94}.Debug|Any CPU.Build.0 = Debug|Any CPU
		{E45DDA26-40F5-4C0C-B039-ABEF98717E94}.LOCAL-NTCAD|Any CPU.ActiveCfg = LOCAL-NTCAD|Any CPU
		{E45DDA26-40F5-4C0C-B039-ABEF98717E94}.LOCAL-NTCAD|Any CPU.Build.0 = LOCAL-NTCAD|Any CPU
		{E45DDA26-40F5-4C0C-B039-ABEF98717E94}.Release|Any CPU.ActiveCfg = Release|Any CPU
		{E45DDA26-40F5-4C0C-B039-ABEF98717E94}.Release|Any CPU.Build.0 = Release|Any CPU
		{441BEE18-97DE-4015-9865-8EAE0EB7629A}.Debug|Any CPU.ActiveCfg = Debug|Any CPU
		{441BEE18-97DE-4015-9865-8EAE0EB7629A}.Debug|Any CPU.Build.0 = Debug|Any CPU
		{441BEE18-97DE-4015-9865-8EAE0EB7629A}.LOCAL-NTCAD|Any CPU.ActiveCfg = LOCAL-NTCAD|Any CPU
		{441BEE18-97DE-4015-9865-8EAE0EB7629A}.LOCAL-NTCAD|Any CPU.Build.0 = LOCAL-NTCAD|Any CPU
		{441BEE18-97DE-4015-9865-8EAE0EB7629A}.Release|Any CPU.ActiveCfg = Release|Any CPU
		{441BEE18-97DE-4015-9865-8EAE0EB7629A}.Release|Any CPU.Build.0 = Release|Any CPU
		{C77F2FE9-EC2C-4BDE-ACAF-BA385586E4F8}.Debug|Any CPU.ActiveCfg = Debug|Any CPU
		{C77F2FE9-EC2C-4BDE-ACAF-BA385586E4F8}.Debug|Any CPU.Build.0 = Debug|Any CPU
		{C77F2FE9-EC2C-4BDE-ACAF-BA385586E4F8}.LOCAL-NTCAD|Any CPU.ActiveCfg = LOCAL-NTCAD|Any CPU
		{C77F2FE9-EC2C-4BDE-ACAF-BA385586E4F8}.LOCAL-NTCAD|Any CPU.Build.0 = LOCAL-NTCAD|Any CPU
		{C77F2FE9-EC2C-4BDE-ACAF-BA385586E4F8}.Release|Any CPU.ActiveCfg = Release|Any CPU
		{C77F2FE9-EC2C-4BDE-ACAF-BA385586E4F8}.Release|Any CPU.Build.0 = Release|Any CPU
		{BDD0E259-BBB0-4BFE-B22A-19661FB505DE}.Debug|Any CPU.ActiveCfg = Debug|Any CPU
		{BDD0E259-BBB0-4BFE-B22A-19661FB505DE}.Debug|Any CPU.Build.0 = Debug|Any CPU
		{BDD0E259-BBB0-4BFE-B22A-19661FB505DE}.LOCAL-NTCAD|Any CPU.ActiveCfg = LOCAL-NTCAD|Any CPU
		{BDD0E259-BBB0-4BFE-B22A-19661FB505DE}.LOCAL-NTCAD|Any CPU.Build.0 = LOCAL-NTCAD|Any CPU
		{BDD0E259-BBB0-4BFE-B22A-19661FB505DE}.Release|Any CPU.ActiveCfg = Release|Any CPU
		{BDD0E259-BBB0-4BFE-B22A-19661FB505DE}.Release|Any CPU.Build.0 = Release|Any CPU
		{A5D26251-6AFA-42DE-A5A8-C5D01EA3218F}.Debug|Any CPU.ActiveCfg = Debug|Any CPU
		{A5D26251-6AFA-42DE-A5A8-C5D01EA3218F}.Debug|Any CPU.Build.0 = Debug|Any CPU
		{A5D26251-6AFA-42DE-A5A8-C5D01EA3218F}.LOCAL-NTCAD|Any CPU.ActiveCfg = LOCAL-NTCAD|Any CPU
		{A5D26251-6AFA-42DE-A5A8-C5D01EA3218F}.LOCAL-NTCAD|Any CPU.Build.0 = LOCAL-NTCAD|Any CPU
		{A5D26251-6AFA-42DE-A5A8-C5D01EA3218F}.Release|Any CPU.ActiveCfg = Release|Any CPU
		{A5D26251-6AFA-42DE-A5A8-C5D01EA3218F}.Release|Any CPU.Build.0 = Release|Any CPU
		{52790839-04D9-4137-BAE0-F88206D2F1EF}.Debug|Any CPU.ActiveCfg = Debug|Any CPU
		{52790839-04D9-4137-BAE0-F88206D2F1EF}.Debug|Any CPU.Build.0 = Debug|Any CPU
		{52790839-04D9-4137-BAE0-F88206D2F1EF}.LOCAL-NTCAD|Any CPU.ActiveCfg = LOCAL-NTCAD|Any CPU
		{52790839-04D9-4137-BAE0-F88206D2F1EF}.LOCAL-NTCAD|Any CPU.Build.0 = LOCAL-NTCAD|Any CPU
		{52790839-04D9-4137-BAE0-F88206D2F1EF}.Release|Any CPU.ActiveCfg = Release|Any CPU
		{52790839-04D9-4137-BAE0-F88206D2F1EF}.Release|Any CPU.Build.0 = Release|Any CPU
		{3485BEDC-609C-4F72-884F-3067C3375AEA}.Debug|Any CPU.ActiveCfg = Debug|Any CPU
		{3485BEDC-609C-4F72-884F-3067C3375AEA}.Debug|Any CPU.Build.0 = Debug|Any CPU
		{3485BEDC-609C-4F72-884F-3067C3375AEA}.LOCAL-NTCAD|Any CPU.ActiveCfg = LOCAL-NTCAD|Any CPU
		{3485BEDC-609C-4F72-884F-3067C3375AEA}.LOCAL-NTCAD|Any CPU.Build.0 = LOCAL-NTCAD|Any CPU
		{3485BEDC-609C-4F72-884F-3067C3375AEA}.Release|Any CPU.ActiveCfg = Release|Any CPU
		{3485BEDC-609C-4F72-884F-3067C3375AEA}.Release|Any CPU.Build.0 = Release|Any CPU
		{8C392731-929D-45CD-B542-3C6CCED3EB5A}.Debug|Any CPU.ActiveCfg = Debug|Any CPU
		{8C392731-929D-45CD-B542-3C6CCED3EB5A}.Debug|Any CPU.Build.0 = Debug|Any CPU
		{8C392731-929D-45CD-B542-3C6CCED3EB5A}.LOCAL-NTCAD|Any CPU.ActiveCfg = LOCAL-NTCAD|Any CPU
		{8C392731-929D-45CD-B542-3C6CCED3EB5A}.LOCAL-NTCAD|Any CPU.Build.0 = LOCAL-NTCAD|Any CPU
		{8C392731-929D-45CD-B542-3C6CCED3EB5A}.Release|Any CPU.ActiveCfg = Release|Any CPU
		{8C392731-929D-45CD-B542-3C6CCED3EB5A}.Release|Any CPU.Build.0 = Release|Any CPU
		{E663DEDC-DD0B-4470-B5C9-B87A1756ED76}.Debug|Any CPU.ActiveCfg = Debug|Any CPU
		{E663DEDC-DD0B-4470-B5C9-B87A1756ED76}.Debug|Any CPU.Build.0 = Debug|Any CPU
		{E663DEDC-DD0B-4470-B5C9-B87A1756ED76}.LOCAL-NTCAD|Any CPU.ActiveCfg = LOCAL-NTCAD|Any CPU
		{E663DEDC-DD0B-4470-B5C9-B87A1756ED76}.LOCAL-NTCAD|Any CPU.Build.0 = LOCAL-NTCAD|Any CPU
		{E663DEDC-DD0B-4470-B5C9-B87A1756ED76}.Release|Any CPU.ActiveCfg = Release|Any CPU
		{E663DEDC-DD0B-4470-B5C9-B87A1756ED76}.Release|Any CPU.Build.0 = Release|Any CPU
	EndGlobalSection
	GlobalSection(SolutionProperties) = preSolution
		HideSolutionNode = FALSE
	EndGlobalSection
EndGlobal
