
Microsoft Visual Studio Solution File, Format Version 11.00
# Visual Studio 2010
Project("{FAE04EC0-301F-11D3-BF4B-00C04F79EFBC}") = "HCMS.JNP.Reports", "HCMS.JNP.Reports.csproj", "{BDD0E259-BBB0-4BFE-B22A-19661FB505DE}"
EndProject
Global
	GlobalSection(SourceCodeControl) = preSolution
		SccNumberOfProjects = 1
		SccProjectUniqueName0 = HCMS.JNP.Reports.csproj
		SccProjectName0 = $/HCMS/HCMS.JNP.Reports
		SccLocalPath0 = .
		SccProvider0 = MSSCCI:SourceGear\u0020Vault\u0020Standard\u0020Classic\u0020Client
		CanCheckoutShared = false
	EndGlobalSection
	GlobalSection(SolutionConfigurationPlatforms) = preSolution
		Debug|Any CPU = Debug|Any CPU
		Release|Any CPU = Release|Any CPU
	EndGlobalSection
	GlobalSection(ProjectConfigurationPlatforms) = postSolution
		{BDD0E259-BBB0-4BFE-B22A-19661FB505DE}.Debug|Any CPU.ActiveCfg = Debug|Any CPU
		{BDD0E259-BBB0-4BFE-B22A-19661FB505DE}.Debug|Any CPU.Build.0 = Debug|Any CPU
		{BDD0E259-BBB0-4BFE-B22A-19661FB505DE}.Release|Any CPU.ActiveCfg = Release|Any CPU
		{BDD0E259-BBB0-4BFE-B22A-19661FB505DE}.Release|Any CPU.Build.0 = Release|Any CPU
	EndGlobalSection
	GlobalSection(SolutionProperties) = preSolution
		HideSolutionNode = FALSE
	EndGlobalSection
EndGlobal
